
Microsoft Visual Studio Solution File, Format Version 12.00
# Visual Studio 2012
# SharpDevelop 5.1
VisualStudioVersion = 16.0.28729.10
MinimumVisualStudioVersion = 10.0.40219.1
Project("{FAE04EC0-301F-11D3-BF4B-00C04F79EFBC}") = "ArdeshirV.Forms", "ArdeshirV.Forms\ArdeshirV.Forms.csproj", "{7E830E6D-B5CC-40A3-9941-F2BEE42CD491}"
EndProject
Project("{FAE04EC0-301F-11D3-BF4B-00C04F79EFBC}") = "TestForms", "Test ArdeshirV.Forms\TestForms.csproj", "{2B6ADB0D-75BD-4EC1-8A29-29DE29363DB5}"
EndProject
Project("{FAE04EC0-301F-11D3-BF4B-00C04F79EFBC}") = "ArdeshirV.Utilities.QrCode", "ArdeshirV.Utility.QrCode\ArdeshirV.Utilities.QrCode.csproj", "{39A1B686-75A9-4189-A328-51C96BB4B6EB}"
EndProject
Global
	GlobalSection(SolutionConfigurationPlatforms) = preSolution
		Debug|Any CPU = Debug|Any CPU
		Release|Any CPU = Release|Any CPU
	EndGlobalSection
	GlobalSection(ProjectConfigurationPlatforms) = postSolution
		{7E830E6D-B5CC-40A3-9941-F2BEE42CD491}.Debug|Any CPU.ActiveCfg = Debug|Any CPU
		{7E830E6D-B5CC-40A3-9941-F2BEE42CD491}.Debug|Any CPU.Build.0 = Debug|Any CPU
		{7E830E6D-B5CC-40A3-9941-F2BEE42CD491}.Release|Any CPU.ActiveCfg = Release|Any CPU
		{7E830E6D-B5CC-40A3-9941-F2BEE42CD491}.Release|Any CPU.Build.0 = Release|Any CPU
		{2B6ADB0D-75BD-4EC1-8A29-29DE29363DB5}.Debug|Any CPU.ActiveCfg = Debug|Any CPU
		{2B6ADB0D-75BD-4EC1-8A29-29DE29363DB5}.Debug|Any CPU.Build.0 = Debug|Any CPU
		{2B6ADB0D-75BD-4EC1-8A29-29DE29363DB5}.Release|Any CPU.ActiveCfg = Release|Any CPU
		{2B6ADB0D-75BD-4EC1-8A29-29DE29363DB5}.Release|Any CPU.Build.0 = Release|Any CPU
		{39A1B686-75A9-4189-A328-51C96BB4B6EB}.Debug|Any CPU.ActiveCfg = Debug|Any CPU
		{39A1B686-75A9-4189-A328-51C96BB4B6EB}.Debug|Any CPU.Build.0 = Debug|Any CPU
		{39A1B686-75A9-4189-A328-51C96BB4B6EB}.Release|Any CPU.ActiveCfg = Release|Any CPU
		{39A1B686-75A9-4189-A328-51C96BB4B6EB}.Release|Any CPU.Build.0 = Release|Any CPU
	EndGlobalSection
	GlobalSection(SolutionProperties) = preSolution
		HideSolutionNode = FALSE
	EndGlobalSection
	GlobalSection(ExtensibilityGlobals) = postSolution
		SolutionGuid = {CD2515DE-6DBA-4EC6-B929-FAF78E79C4D9}
	EndGlobalSection
EndGlobal
